
Microsoft Visual Studio Solution File, Format Version 12.00
# Visual Studio Version 17
VisualStudioVersion = 17.14.36804.6 d17.14
MinimumVisualStudioVersion = 10.0.40219.1
Project("{FAE04EC0-301F-11D3-BF4B-00C04F79EFBC}") = "AzureLogShipper", "AzureLogShipper\AzureLogShipper.csproj", "{3DFD2EC4-9751-4293-8126-B2855DC7B512}"
EndProject
Project("{FAE04EC0-301F-11D3-BF4B-00C04F79EFBC}") = "AzureLogShipper.FunctionApp", "AzureLogShipper.FunctionApp\AzureLogShipper.FunctionApp.csproj", "{EFF795EA-9E0C-428C-8008-0D631CAF8491}"
EndProject
Global
	GlobalSection(SolutionConfigurationPlatforms) = preSolution
		Debug|Any CPU = Debug|Any CPU
		Release|Any CPU = Release|Any CPU
	EndGlobalSection
	GlobalSection(ProjectConfigurationPlatforms) = postSolution
		{3DFD2EC4-9751-4293-8126-B2855DC7B512}.Debug|Any CPU.ActiveCfg = Debug|Any CPU
		{3DFD2EC4-9751-4293-8126-B2855DC7B512}.Debug|Any CPU.Build.0 = Debug|Any CPU
		{3DFD2EC4-9751-4293-8126-B2855DC7B512}.Release|Any CPU.ActiveCfg = Release|Any CPU
		{3DFD2EC4-9751-4293-8126-B2855DC7B512}.Release|Any CPU.Build.0 = Release|Any CPU
		{EFF795EA-9E0C-428C-8008-0D631CAF8491}.Debug|Any CPU.ActiveCfg = Debug|Any CPU
		{EFF795EA-9E0C-428C-8008-0D631CAF8491}.Debug|Any CPU.Build.0 = Debug|Any CPU
		{EFF795EA-9E0C-428C-8008-0D631CAF8491}.Release|Any CPU.ActiveCfg = Release|Any CPU
		{EFF795EA-9E0C-428C-8008-0D631CAF8491}.Release|Any CPU.Build.0 = Release|Any CPU
	EndGlobalSection
	GlobalSection(SolutionProperties) = preSolution
		HideSolutionNode = FALSE
	EndGlobalSection
	GlobalSection(ExtensibilityGlobals) = postSolution
		SolutionGuid = {2E07BBB7-34E5-48DB-8446-2827AD680C33}
	EndGlobalSection
EndGlobal
